<?xml version="1.0" encoding="utf-8"?>
<Project ToolsVersion="4.0" xmlns="http://schemas.microsoft.com/developer/msbuild/2003">
  <ItemGroup>
    <Filter Include="Source Files">
      <UniqueIdentifier>{4FC737F1-C7A5-4376-A066-2A32D752A2FF}</UniqueIdentifier>
      <Extensions>cpp;c;cc;cxx;def;odl;idl;hpj;bat;asm;asmx</Extensions>
    </Filter>
    <Filter Include="Header Files">
      <UniqueIdentifier>{93995380-89BD-4b04-88EB-625FBE52EBFB}</UniqueIdentifier>
      <Extensions>h;hh;hpp;hxx;hm;inl;inc;xsd</Extensions>
    </Filter>
    <Filter Include="Resource Files">
      <UniqueIdentifier>{67DA6AB6-F800-4c08-8B7A-83BB121AAD01}</UniqueIdentifier>
      <Extensions>rc;ico;cur;bmp;dlg;rc2;rct;bin;rgs;gif;jpg;jpeg;jpe;resx;tiff;tif;png;wav;mfcribbon-ms</Extensions>
    </Filter>
  </ItemGroup>
  <ItemGroup>
    <None Include="autodownload.skel" />
    <None Include="autodownload64.skel" />
    <None Include="customdownload.skel" />
    <None Include="customdownload64.skel" />
    <None Include="..\samplejar\sample.jar" />
    <None Include="..\samplejar\sample.props" />
    <None Include="..\jnismooth\jnismooth.jar" />
  </ItemGroup>
  <ItemGroup>
    <ClCompile Include="execexe.cpp">
      <Filter>Source Files</Filter>
    </ClCompile>
    <ClCompile Include="execinfogui.cpp">
      <Filter>Source Files</Filter>
    </ClCompile>
    <ClCompile Include="main.cpp">
      <Filter>Source Files</Filter>
    </ClCompile>
    <ClCompile Include="..\commonjava\global.cpp">
      <Filter>Source Files</Filter>
    </ClCompile>
    <ClCompile Include="..\commonjava\JArgs.cpp">
      <Filter>Source Files</Filter>
    </ClCompile>
    <ClCompile Include="..\commonjava\JavaMachineManager.cpp">
      <Filter>Source Files</Filter>
    </ClCompile>
    <ClCompile Include="..\commonjava\JavaProperty.cpp">
      <Filter>Source Files</Filter>
    </ClCompile>
    <ClCompile Include="..\commonjava\JClassProxy.cpp">
      <Filter>Source Files</Filter>
    </ClCompile>
    <ClCompile Include="..\commonjava\JMethodCaller.cpp">
      <Filter>Source Files</Filter>
    </ClCompile>
    <ClCompile Include="..\commonjava\JniSmooth.cpp">
      <Filter>Source Files</Filter>
    </ClCompile>
    <ClCompile Include="..\commonjava\JVMBase.cpp">
      <Filter>Source Files</Filter>
    </ClCompile>
    <ClCompile Include="..\commonjava\JVMEnvVarLookup.cpp">
      <Filter>Source Files</Filter>
    </ClCompile>
    <ClCompile Include="..\commonjava\JVMRegistryLookup.cpp">
      <Filter>Source Files</Filter>
    </ClCompile>
    <ClCompile Include="..\commonjava\MSJViewLauncher.cpp">
      <Filter>Source Files</Filter>
    </ClCompile>
    <ClCompile Include="..\commonjava\Properties.cpp">
      <Filter>Source Files</Filter>
    </ClCompile>
    <ClCompile Include="..\commonjava\ResourceManager.cpp">
      <Filter>Source Files</Filter>
    </ClCompile>
    <ClCompile Include="..\commonjava\SunJVMDLL.cpp">
      <Filter>Source Files</Filter>
    </ClCompile>
    <ClCompile Include="..\commonjava\SunJVMExe.cpp">
      <Filter>Source Files</Filter>
    </ClCompile>
    <ClCompile Include="..\commonjava\SunJVMLauncher.cpp">
      <Filter>Source Files</Filter>
    </ClCompile>
    <ClCompile Include="..\commonjava\Version.cpp">
      <Filter>Source Files</Filter>
    </ClCompile>
    <ClCompile Include="..\util-core\DebugConsole.cpp">
      <Filter>Source Files</Filter>
    </ClCompile>
    <ClCompile Include="..\util-core\FileUtils.cpp">
      <Filter>Source Files</Filter>
    </ClCompile>
    <ClCompile Include="..\util-core\Log.cpp">
      <Filter>Source Files</Filter>
    </ClCompile>
    <ClCompile Include="..\util-core\SingleInstanceManager.cpp">
      <Filter>Source Files</Filter>
    </ClCompile>
    <ClCompile Include="..\util-core\StringUtils.cpp">
      <Filter>Source Files</Filter>
    </ClCompile>
    <ClCompile Include="..\util-core\Thread.cpp">
      <Filter>Source Files</Filter>
    </ClCompile>
    <ClCompile Include="..\util-net\downloadgui.cpp">
      <Filter>Source Files</Filter>
    </ClCompile>
    <ClCompile Include="..\util-net\HttpClient.cpp">
      <Filter>Source Files</Filter>
    </ClCompile>
    <ClCompile Include="..\util-net\URL.cpp">
      <Filter>Source Files</Filter>
    </ClCompile>
    <ClCompile Include="..\util-net\WinHttpClient.cpp">
      <Filter>Source Files</Filter>
    </ClCompile>
    <ClCompile Include="..\util-core\_Process.cpp">
      <Filter>Source Files</Filter>
    </ClCompile>
    <ClCompile Include="httpdownload.cpp">
      <Filter>Source Files</Filter>
    </ClCompile>
  </ItemGroup>
  <ItemGroup>
    <ClInclude Include="execexe.h">
      <Filter>Header Files</Filter>
    </ClInclude>
    <ClInclude Include="execinfogui.h">
      <Filter>Header Files</Filter>
    </ClInclude>
    <ClInclude Include="JWrap_private.h">
      <Filter>Header Files</Filter>
    </ClInclude>
    <ClInclude Include="Resource.h">
      <Filter>Header Files</Filter>
    </ClInclude>
    <ClInclude Include="..\commonjava\common.h">
      <Filter>Header Files</Filter>
    </ClInclude>
    <ClInclude Include="..\commonjava\JArgs.h">
      <Filter>Header Files</Filter>
    </ClInclude>
    <ClInclude Include="..\commonjava\JavaMachineManager.h">
      <Filter>Header Files</Filter>
    </ClInclude>
    <ClInclude Include="..\commonjava\JavaProperty.h">
      <Filter>Header Files</Filter>
    </ClInclude>
    <ClInclude Include="..\commonjava\JClassProxy.h">
      <Filter>Header Files</Filter>
    </ClInclude>
    <ClInclude Include="..\commonjava\JMethodCaller.h">
      <Filter>Header Files</Filter>
    </ClInclude>
    <ClInclude Include="..\commonjava\JniSmooth.h">
      <Filter>Header Files</Filter>
    </ClInclude>
    <ClInclude Include="..\commonjava\JVMBase.h">
      <Filter>Header Files</Filter>
    </ClInclude>
    <ClInclude Include="..\commonjava\JVMEnvVarLookup.h">
      <Filter>Header Files</Filter>
    </ClInclude>
    <ClInclude Include="..\commonjava\JVMRegistryLookup.h">
      <Filter>Header Files</Filter>
    </ClInclude>
    <ClInclude Include="..\commonjava\MSJViewLauncher.h">
      <Filter>Header Files</Filter>
    </ClInclude>
    <ClInclude Include="..\commonjava\Properties.h">
      <Filter>Header Files</Filter>
    </ClInclude>
    <ClInclude Include="..\commonjava\ResourceManager.h">
      <Filter>Header Files</Filter>
    </ClInclude>
    <ClInclude Include="..\commonjava\SunJVMDLL.h">
      <Filter>Header Files</Filter>
    </ClInclude>
    <ClInclude Include="..\commonjava\SunJVMExe.h">
      <Filter>Header Files</Filter>
    </ClInclude>
    <ClInclude Include="..\commonjava\SunJVMLauncher.h">
      <Filter>Header Files</Filter>
    </ClInclude>
    <ClInclude Include="..\commonjava\Version.h">
      <Filter>Header Files</Filter>
    </ClInclude>
    <ClInclude Include="..\util-core\DebugConsole.h">
      <Filter>Header Files</Filter>
    </ClInclude>
    <ClInclude Include="..\util-core\FileUtils.h">
      <Filter>Header Files</Filter>
    </ClInclude>
    <ClInclude Include="..\util-core\Log.h">
      <Filter>Header Files</Filter>
    </ClInclude>
    <ClInclude Include="..\util-core\SingleInstanceManager.h">
      <Filter>Header Files</Filter>
    </ClInclude>
    <ClInclude Include="..\util-core\StringUtils.h">
      <Filter>Header Files</Filter>
    </ClInclude>
    <ClInclude Include="..\util-core\Thread.h">
      <Filter>Header Files</Filter>
    </ClInclude>
    <ClInclude Include="..\util-net\downloadgui.h">
      <Filter>Header Files</Filter>
    </ClInclude>
    <ClInclude Include="..\util-net\HttpClient.h">
      <Filter>Header Files</Filter>
    </ClInclude>
    <ClInclude Include="..\util-net\URL.h">
      <Filter>Header Files</Filter>
    </ClInclude>
    <ClInclude Include="..\util-net\WinHttpClient.h">
      <Filter>Header Files</Filter>
    </ClInclude>
    <ClInclude Include="..\util-core\_Process.h">
      <Filter>Header Files</Filter>
    </ClInclude>
    <ClInclude Include="httpdownload.h">
      <Filter>Header Files</Filter>
    </ClInclude>
  </ItemGroup>
  <ItemGroup>
    <Image Include="JWrap.ico">
      <Filter>Resource Files</Filter>
    </Image>
  </ItemGroup>
  <ItemGroup>
    <ResourceCompile Include="mainres.rc">
      <Filter>Resource Files</Filter>
    </ResourceCompile>
  </ItemGroup>
  <ItemGroup>
    <Manifest Include="..\samplejar\sample.manifest" />
  </ItemGroup>
</Project>