
Microsoft Visual Studio Solution File, Format Version 12.00
# Visual Studio 2013
VisualStudioVersion = 12.0.31101.0
MinimumVisualStudioVersion = 10.0.40219.1
Project("{8BC9CEB8-8B4A-11D0-8D11-00A0C91BC942}") = "autodownload", "autodownload\autodownload.vcxproj", "{84A7C6EF-D1DE-4235-80DD-1A959E6A2152}"
EndProject
Project("{8BC9CEB8-8B4A-11D0-8D11-00A0C91BC942}") = "simplewrap", "simplewrap\simplewrap.vcxproj", "{84A7C6EF-D1DE-4235-80DD-1A959E6A2153}"
EndProject
Global
	GlobalSection(SolutionConfigurationPlatforms) = preSolution
		Debug|Win32 = Debug|Win32
		Release|Win32 = Release|Win32
	EndGlobalSection
	GlobalSection(ProjectConfigurationPlatforms) = postSolution
		{84A7C6EF-D1DE-4235-80DD-1A959E6A2152}.Debug|Win32.ActiveCfg = Debug|Win32
		{84A7C6EF-D1DE-4235-80DD-1A959E6A2152}.Debug|Win32.Build.0 = Debug|Win32
		{84A7C6EF-D1DE-4235-80DD-1A959E6A2152}.Release|Win32.ActiveCfg = Release|Win32
		{84A7C6EF-D1DE-4235-80DD-1A959E6A2152}.Release|Win32.Build.0 = Release|Win32
		{84A7C6EF-D1DE-4235-80DD-1A959E6A2153}.Debug|Win32.ActiveCfg = Debug|Win32
		{84A7C6EF-D1DE-4235-80DD-1A959E6A2153}.Debug|Win32.Build.0 = Debug|Win32
		{84A7C6EF-D1DE-4235-80DD-1A959E6A2153}.Release|Win32.ActiveCfg = Release|Win32
		{84A7C6EF-D1DE-4235-80DD-1A959E6A2153}.Release|Win32.Build.0 = Release|Win32
	EndGlobalSection
	GlobalSection(SolutionProperties) = preSolution
		HideSolutionNode = FALSE
	EndGlobalSection
EndGlobal
